{
  "name": "day2",
  "version": "1.0.0",
  "lockfileVersion": 1,
  "requires": true,
  "dependencies": {
    "vue-router": {
      "version": "3.0.7",
      "resolved": "https://registry.npm.taobao.org/vue-router/download/vue-router-3.0.7.tgz?cache=0&sync_timestamp=1562164331961&other_urls=https%3A%2F%2Fregistry.npm.taobao.org%2Fvue-router%2Fdownload%2Fvue-router-3.0.7.tgz",
      "integrity": "sha1-s2yhB7SsuP9bxP+CRYQFnCP8uHs="
    }
  }
}
